// !$*UTF8*$!
{
	archiveVersion = 1;
	classes = {
	};
	objectVersion = 56;
	objects = {

/* Begin PBXBuildFile section */
		603DA8B8A87092A9B01F0482 /* Pods_CameraFilter.framework in Frameworks */ = {isa = PBXBuildFile; fileRef = 50ED77D4941F579AC0A6969A /* Pods_CameraFilter.framework */; };
		9C3D39CA86B87EED191B1C22 /* Pods_CameraFilter_CameraFilterUITests.framework in Frameworks */ = {isa = PBXBuildFile; fileRef = A9259A28D25D8278AC82C715 /* Pods_CameraFilter_CameraFilterUITests.framework */; };
		B05CE04B29791F5A0070402A /* AppDelegate.swift in Sources */ = {isa = PBXBuildFile; fileRef = B05CE04A29791F5A0070402A /* AppDelegate.swift */; };
		B05CE04D29791F5A0070402A /* SceneDelegate.swift in Sources */ = {isa = PBXBuildFile; fileRef = B05CE04C29791F5A0070402A /* SceneDelegate.swift */; };
		B05CE04F29791F5A0070402A /* ViewController.swift in Sources */ = {isa = PBXBuildFile; fileRef = B05CE04E29791F5A0070402A /* ViewController.swift */; };
		B05CE05229791F5A0070402A /* Main.storyboard in Resources */ = {isa = PBXBuildFile; fileRef = B05CE05029791F5A0070402A /* Main.storyboard */; };
		B05CE05429791F5E0070402A /* Assets.xcassets in Resources */ = {isa = PBXBuildFile; fileRef = B05CE05329791F5E0070402A /* Assets.xcassets */; };
		B05CE05729791F5E0070402A /* LaunchScreen.storyboard in Resources */ = {isa = PBXBuildFile; fileRef = B05CE05529791F5E0070402A /* LaunchScreen.storyboard */; };
		B05CE06229791F5E0070402A /* CameraFilterTests.swift in Sources */ = {isa = PBXBuildFile; fileRef = B05CE06129791F5E0070402A /* CameraFilterTests.swift */; };
		B05CE06C29791F5E0070402A /* CameraFilterUITests.swift in Sources */ = {isa = PBXBuildFile; fileRef = B05CE06B29791F5E0070402A /* CameraFilterUITests.swift */; };
		B05CE06E29791F5E0070402A /* CameraFilterUITestsLaunchTests.swift in Sources */ = {isa = PBXBuildFile; fileRef = B05CE06D29791F5E0070402A /* CameraFilterUITestsLaunchTests.swift */; };
		B05CE07B297921F20070402A /* PhotoCollectionViewController.swift in Sources */ = {isa = PBXBuildFile; fileRef = B05CE07A297921F20070402A /* PhotoCollectionViewController.swift */; };
		B05CE07D297931F80070402A /* PhotoCollectionViewCell.swift in Sources */ = {isa = PBXBuildFile; fileRef = B05CE07C297931F80070402A /* PhotoCollectionViewCell.swift */; };
		B06603ED297A66EA00FA20E3 /* FilterService.swift in Sources */ = {isa = PBXBuildFile; fileRef = B06603EC297A66EA00FA20E3 /* FilterService.swift */; };
		E8795E804193E6AE139F6FF7 /* Pods_CameraFilterTests.framework in Frameworks */ = {isa = PBXBuildFile; fileRef = 658F51C8EED92553BCE10562 /* Pods_CameraFilterTests.framework */; };
/* End PBXBuildFile section */

/* Begin PBXContainerItemProxy section */
		B05CE05E29791F5E0070402A /* PBXContainerItemProxy */ = {
			isa = PBXContainerItemProxy;
			containerPortal = B05CE03F29791F5A0070402A /* Project object */;
			proxyType = 1;
			remoteGlobalIDString = B05CE04629791F5A0070402A;
			remoteInfo = CameraFilter;
		};
		B05CE06829791F5E0070402A /* PBXContainerItemProxy */ = {
			isa = PBXContainerItemProxy;
			containerPortal = B05CE03F29791F5A0070402A /* Project object */;
			proxyType = 1;
			remoteGlobalIDString = B05CE04629791F5A0070402A;
			remoteInfo = CameraFilter;
		};
/* End PBXContainerItemProxy section */

/* Begin PBXFileReference section */
		155210497C1DB74AE0056D34 /* Pods-CameraFilterTests.debug.xcconfig */ = {isa = PBXFileReference; includeInIndex = 1; lastKnownFileType = text.xcconfig; name = "Pods-CameraFilterTests.debug.xcconfig"; path = "Target Support Files/Pods-CameraFilterTests/Pods-CameraFilterTests.debug.xcconfig"; sourceTree = "<group>"; };
		3A820E9895D4750BC6E6F4B9 /* Pods-CameraFilter.debug.xcconfig */ = {isa = PBXFileReference; includeInIndex = 1; lastKnownFileType = text.xcconfig; name = "Pods-CameraFilter.debug.xcconfig"; path = "Target Support Files/Pods-CameraFilter/Pods-CameraFilter.debug.xcconfig"; sourceTree = "<group>"; };
		4533480BD635907F0C3EA6CB /* Pods-CameraFilter-CameraFilterUITests.debug.xcconfig */ = {isa = PBXFileReference; includeInIndex = 1; lastKnownFileType = text.xcconfig; name = "Pods-CameraFilter-CameraFilterUITests.debug.xcconfig"; path = "Target Support Files/Pods-CameraFilter-CameraFilterUITests/Pods-CameraFilter-CameraFilterUITests.debug.xcconfig"; sourceTree = "<group>"; };
		50ED77D4941F579AC0A6969A /* Pods_CameraFilter.framework */ = {isa = PBXFileReference; explicitFileType = wrapper.framework; includeInIndex = 0; path = Pods_CameraFilter.framework; sourceTree = BUILT_PRODUCTS_DIR; };
		543C5D1C186DD42EBB28E4CA /* Pods-CameraFilter-CameraFilterUITests.release.xcconfig */ = {isa = PBXFileReference; includeInIndex = 1; lastKnownFileType = text.xcconfig; name = "Pods-CameraFilter-CameraFilterUITests.release.xcconfig"; path = "Target Support Files/Pods-CameraFilter-CameraFilterUITests/Pods-CameraFilter-CameraFilterUITests.release.xcconfig"; sourceTree = "<group>"; };
		591F15A1706E2290936895BA /* Pods-CameraFilterTests.release.xcconfig */ = {isa = PBXFileReference; includeInIndex = 1; lastKnownFileType = text.xcconfig; name = "Pods-CameraFilterTests.release.xcconfig"; path = "Target Support Files/Pods-CameraFilterTests/Pods-CameraFilterTests.release.xcconfig"; sourceTree = "<group>"; };
		658F51C8EED92553BCE10562 /* Pods_CameraFilterTests.framework */ = {isa = PBXFileReference; explicitFileType = wrapper.framework; includeInIndex = 0; path = Pods_CameraFilterTests.framework; sourceTree = BUILT_PRODUCTS_DIR; };
		A9259A28D25D8278AC82C715 /* Pods_CameraFilter_CameraFilterUITests.framework */ = {isa = PBXFileReference; explicitFileType = wrapper.framework; includeInIndex = 0; path = Pods_CameraFilter_CameraFilterUITests.framework; sourceTree = BUILT_PRODUCTS_DIR; };
		B05CE04729791F5A0070402A /* CameraFilter.app */ = {isa = PBXFileReference; explicitFileType = wrapper.application; includeInIndex = 0; path = CameraFilter.app; sourceTree = BUILT_PRODUCTS_DIR; };
		B05CE04A29791F5A0070402A /* AppDelegate.swift */ = {isa = PBXFileReference; lastKnownFileType = sourcecode.swift; path = AppDelegate.swift; sourceTree = "<group>"; };
		B05CE04C29791F5A0070402A /* SceneDelegate.swift */ = {isa = PBXFileReference; lastKnownFileType = sourcecode.swift; path = SceneDelegate.swift; sourceTree = "<group>"; };
		B05CE04E29791F5A0070402A /* ViewController.swift */ = {isa = PBXFileReference; lastKnownFileType = sourcecode.swift; path = ViewController.swift; sourceTree = "<group>"; };
		B05CE05129791F5A0070402A /* Base */ = {isa = PBXFileReference; lastKnownFileType = file.storyboard; name = Base; path = Base.lproj/Main.storyboard; sourceTree = "<group>"; };
		B05CE05329791F5E0070402A /* Assets.xcassets */ = {isa = PBXFileReference; lastKnownFileType = folder.assetcatalog; path = Assets.xcassets; sourceTree = "<group>"; };
		B05CE05629791F5E0070402A /* Base */ = {isa = PBXFileReference; lastKnownFileType = file.storyboard; name = Base; path = Base.lproj/LaunchScreen.storyboard; sourceTree = "<group>"; };
		B05CE05829791F5E0070402A /* Info.plist */ = {isa = PBXFileReference; lastKnownFileType = text.plist.xml; path = Info.plist; sourceTree = "<group>"; };
		B05CE05D29791F5E0070402A /* CameraFilterTests.xctest */ = {isa = PBXFileReference; explicitFileType = wrapper.cfbundle; includeInIndex = 0; path = CameraFilterTests.xctest; sourceTree = BUILT_PRODUCTS_DIR; };
		B05CE06129791F5E0070402A /* CameraFilterTests.swift */ = {isa = PBXFileReference; lastKnownFileType = sourcecode.swift; path = CameraFilterTests.swift; sourceTree = "<group>"; };
		B05CE06729791F5E0070402A /* CameraFilterUITests.xctest */ = {isa = PBXFileReference; explicitFileType = wrapper.cfbundle; includeInIndex = 0; path = CameraFilterUITests.xctest; sourceTree = BUILT_PRODUCTS_DIR; };
		B05CE06B29791F5E0070402A /* CameraFilterUITests.swift */ = {isa = PBXFileReference; lastKnownFileType = sourcecode.swift; path = CameraFilterUITests.swift; sourceTree = "<group>"; };
		B05CE06D29791F5E0070402A /* CameraFilterUITestsLaunchTests.swift */ = {isa = PBXFileReference; lastKnownFileType = sourcecode.swift; path = CameraFilterUITestsLaunchTests.swift; sourceTree = "<group>"; };
		B05CE07A297921F20070402A /* PhotoCollectionViewController.swift */ = {isa = PBXFileReference; lastKnownFileType = sourcecode.swift; path = PhotoCollectionViewController.swift; sourceTree = "<group>"; };
		B05CE07C297931F80070402A /* PhotoCollectionViewCell.swift */ = {isa = PBXFileReference; lastKnownFileType = sourcecode.swift; path = PhotoCollectionViewCell.swift; sourceTree = "<group>"; };
		B06603EC297A66EA00FA20E3 /* FilterService.swift */ = {isa = PBXFileReference; lastKnownFileType = sourcecode.swift; path = FilterService.swift; sourceTree = "<group>"; };
		C91F7B79BBD527DD3FF88DF3 /* Pods-CameraFilter.release.xcconfig */ = {isa = PBXFileReference; includeInIndex = 1; lastKnownFileType = text.xcconfig; name = "Pods-CameraFilter.release.xcconfig"; path = "Target Support Files/Pods-CameraFilter/Pods-CameraFilter.release.xcconfig"; sourceTree = "<group>"; };
/* End PBXFileReference section */

/* Begin PBXFrameworksBuildPhase section */
		B05CE04429791F5A0070402A /* Frameworks */ = {
			isa = PBXFrameworksBuildPhase;
			buildActionMask = 2147483647;
			files = (
				603DA8B8A87092A9B01F0482 /* Pods_CameraFilter.framework in Frameworks */,
			);
			runOnlyForDeploymentPostprocessing = 0;
		};
		B05CE05A29791F5E0070402A /* Frameworks */ = {
			isa = PBXFrameworksBuildPhase;
			buildActionMask = 2147483647;
			files = (
				E8795E804193E6AE139F6FF7 /* Pods_CameraFilterTests.framework in Frameworks */,
			);
			runOnlyForDeploymentPostprocessing = 0;
		};
		B05CE06429791F5E0070402A /* Frameworks */ = {
			isa = PBXFrameworksBuildPhase;
			buildActionMask = 2147483647;
			files = (
				9C3D39CA86B87EED191B1C22 /* Pods_CameraFilter_CameraFilterUITests.framework in Frameworks */,
			);
			runOnlyForDeploymentPostprocessing = 0;
		};
/* End PBXFrameworksBuildPhase section */

/* Begin PBXGroup section */
		8D1C3B4E55BDC91CD71C58BD /* Frameworks */ = {
			isa = PBXGroup;
			children = (
				50ED77D4941F579AC0A6969A /* Pods_CameraFilter.framework */,
				A9259A28D25D8278AC82C715 /* Pods_CameraFilter_CameraFilterUITests.framework */,
				658F51C8EED92553BCE10562 /* Pods_CameraFilterTests.framework */,
			);
			name = Frameworks;
			sourceTree = "<group>";
		};
		B05CE03E29791F5A0070402A = {
			isa = PBXGroup;
			children = (
				B05CE04929791F5A0070402A /* CameraFilter */,
				B05CE06029791F5E0070402A /* CameraFilterTests */,
				B05CE06A29791F5E0070402A /* CameraFilterUITests */,
				B05CE04829791F5A0070402A /* Products */,
				F30B8AB4655D5C374717C2DD /* Pods */,
				8D1C3B4E55BDC91CD71C58BD /* Frameworks */,
			);
			sourceTree = "<group>";
		};
		B05CE04829791F5A0070402A /* Products */ = {
			isa = PBXGroup;
			children = (
				B05CE04729791F5A0070402A /* CameraFilter.app */,
				B05CE05D29791F5E0070402A /* CameraFilterTests.xctest */,
				B05CE06729791F5E0070402A /* CameraFilterUITests.xctest */,
			);
			name = Products;
			sourceTree = "<group>";
		};
		B05CE04929791F5A0070402A /* CameraFilter */ = {
			isa = PBXGroup;
			children = (
				B05CE04A29791F5A0070402A /* AppDelegate.swift */,
				B05CE04C29791F5A0070402A /* SceneDelegate.swift */,
				B05CE04E29791F5A0070402A /* ViewController.swift */,
				B05CE05029791F5A0070402A /* Main.storyboard */,
				B05CE05329791F5E0070402A /* Assets.xcassets */,
				B05CE05529791F5E0070402A /* LaunchScreen.storyboard */,
				B05CE05829791F5E0070402A /* Info.plist */,
				B05CE07A297921F20070402A /* PhotoCollectionViewController.swift */,
				B05CE07C297931F80070402A /* PhotoCollectionViewCell.swift */,
				B06603EC297A66EA00FA20E3 /* FilterService.swift */,
			);
			path = CameraFilter;
			sourceTree = "<group>";
		};
		B05CE06029791F5E0070402A /* CameraFilterTests */ = {
			isa = PBXGroup;
			children = (
				B05CE06129791F5E0070402A /* CameraFilterTests.swift */,
			);
			path = CameraFilterTests;
			sourceTree = "<group>";
		};
		B05CE06A29791F5E0070402A /* CameraFilterUITests */ = {
			isa = PBXGroup;
			children = (
				B05CE06B29791F5E0070402A /* CameraFilterUITests.swift */,
				B05CE06D29791F5E0070402A /* CameraFilterUITestsLaunchTests.swift */,
			);
			path = CameraFilterUITests;
			sourceTree = "<group>";
		};
		F30B8AB4655D5C374717C2DD /* Pods */ = {
			isa = PBXGroup;
			children = (
				3A820E9895D4750BC6E6F4B9 /* Pods-CameraFilter.debug.xcconfig */,
				C91F7B79BBD527DD3FF88DF3 /* Pods-CameraFilter.release.xcconfig */,
				4533480BD635907F0C3EA6CB /* Pods-CameraFilter-CameraFilterUITests.debug.xcconfig */,
				543C5D1C186DD42EBB28E4CA /* Pods-CameraFilter-CameraFilterUITests.release.xcconfig */,
				155210497C1DB74AE0056D34 /* Pods-CameraFilterTests.debug.xcconfig */,
				591F15A1706E2290936895BA /* Pods-CameraFilterTests.release.xcconfig */,
			);
			path = Pods;
			sourceTree = "<group>";
		};
/* End PBXGroup section */

/* Begin PBXNativeTarget section */
		B05CE04629791F5A0070402A /* CameraFilter */ = {
			isa = PBXNativeTarget;
			buildConfigurationList = B05CE07129791F5E0070402A /* Build configuration list for PBXNativeTarget "CameraFilter" */;
			buildPhases = (
				BA83505902061316422AF7B5 /* [CP] Check Pods Manifest.lock */,
				B05CE04329791F5A0070402A /* Sources */,
				B05CE04429791F5A0070402A /* Frameworks */,
				B05CE04529791F5A0070402A /* Resources */,
				63360E90FF7B41758D6E2947 /* [CP] Embed Pods Frameworks */,
			);
			buildRules = (
			);
			dependencies = (
			);
			name = CameraFilter;
			productName = CameraFilter;
			productReference = B05CE04729791F5A0070402A /* CameraFilter.app */;
			productType = "com.apple.product-type.application";
		};
		B05CE05C29791F5E0070402A /* CameraFilterTests */ = {
			isa = PBXNativeTarget;
			buildConfigurationList = B05CE07429791F5E0070402A /* Build configuration list for PBXNativeTarget "CameraFilterTests" */;
			buildPhases = (
				762180721B5C8EE67C8BBFCF /* [CP] Check Pods Manifest.lock */,
				B05CE05929791F5E0070402A /* Sources */,
				B05CE05A29791F5E0070402A /* Frameworks */,
				B05CE05B29791F5E0070402A /* Resources */,
			);
			buildRules = (
			);
			dependencies = (
				B05CE05F29791F5E0070402A /* PBXTargetDependency */,
			);
			name = CameraFilterTests;
			productName = CameraFilterTests;
			productReference = B05CE05D29791F5E0070402A /* CameraFilterTests.xctest */;
			productType = "com.apple.product-type.bundle.unit-test";
		};
		B05CE06629791F5E0070402A /* CameraFilterUITests */ = {
			isa = PBXNativeTarget;
			buildConfigurationList = B05CE07729791F5E0070402A /* Build configuration list for PBXNativeTarget "CameraFilterUITests" */;
			buildPhases = (
				90900537858AA773B0E8257F /* [CP] Check Pods Manifest.lock */,
				B05CE06329791F5E0070402A /* Sources */,
				B05CE06429791F5E0070402A /* Frameworks */,
				B05CE06529791F5E0070402A /* Resources */,
				E8221BDB64ACE28E570B3DBD /* [CP] Embed Pods Frameworks */,
			);
			buildRules = (
			);
			dependencies = (
				B05CE06929791F5E0070402A /* PBXTargetDependency */,
			);
			name = CameraFilterUITests;
			productName = CameraFilterUITests;
			productReference = B05CE06729791F5E0070402A /* CameraFilterUITests.xctest */;
			productType = "com.apple.product-type.bundle.ui-testing";
		};
/* End PBXNativeTarget section */

/* Begin PBXProject section */
		B05CE03F29791F5A0070402A /* Project object */ = {
			isa = PBXProject;
			attributes = {
				BuildIndependentTargetsInParallel = 1;
				LastSwiftUpdateCheck = 1420;
				LastUpgradeCheck = 1420;
				TargetAttributes = {
					B05CE04629791F5A0070402A = {
						CreatedOnToolsVersion = 14.2;
					};
					B05CE05C29791F5E0070402A = {
						CreatedOnToolsVersion = 14.2;
						TestTargetID = B05CE04629791F5A0070402A;
					};
					B05CE06629791F5E0070402A = {
						CreatedOnToolsVersion = 14.2;
						TestTargetID = B05CE04629791F5A0070402A;
					};
				};
			};
			buildConfigurationList = B05CE04229791F5A0070402A /* Build configuration list for PBXProject "CameraFilter" */;
			compatibilityVersion = "Xcode 14.0";
			developmentRegion = en;
			hasScannedForEncodings = 0;
			knownRegions = (
				en,
				Base,
			);
			mainGroup = B05CE03E29791F5A0070402A;
			productRefGroup = B05CE04829791F5A0070402A /* Products */;
			projectDirPath = "";
			projectRoot = "";
			targets = (
				B05CE04629791F5A0070402A /* CameraFilter */,
				B05CE05C29791F5E0070402A /* CameraFilterTests */,
				B05CE06629791F5E0070402A /* CameraFilterUITests */,
			);
		};
/* End PBXProject section */

/* Begin PBXResourcesBuildPhase section */
		B05CE04529791F5A0070402A /* Resources */ = {
			isa = PBXResourcesBuildPhase;
			buildActionMask = 2147483647;
			files = (
				B05CE05729791F5E0070402A /* LaunchScreen.storyboard in Resources */,
				B05CE05429791F5E0070402A /* Assets.xcassets in Resources */,
				B05CE05229791F5A0070402A /* Main.storyboard in Resources */,
			);
			runOnlyForDeploymentPostprocessing = 0;
		};
		B05CE05B29791F5E0070402A /* Resources */ = {
			isa = PBXResourcesBuildPhase;
			buildActionMask = 2147483647;
			files = (
			);
			runOnlyForDeploymentPostprocessing = 0;
		};
		B05CE06529791F5E0070402A /* Resources */ = {
			isa = PBXResourcesBuildPhase;
			buildActionMask = 2147483647;
			files = (
			);
			runOnlyForDeploymentPostprocessing = 0;
		};
/* End PBXResourcesBuildPhase section */

/* Begin PBXShellScriptBuildPhase section */
		63360E90FF7B41758D6E2947 /* [CP] Embed Pods Frameworks */ = {
			isa = PBXShellScriptBuildPhase;
			buildActionMask = 2147483647;
			files = (
			);
			inputFileListPaths = (
				"${PODS_ROOT}/Target Support Files/Pods-CameraFilter/Pods-CameraFilter-frameworks-${CONFIGURATION}-input-files.xcfilelist",
			);
			name = "[CP] Embed Pods Frameworks";
			outputFileListPaths = (
				"${PODS_ROOT}/Target Support Files/Pods-CameraFilter/Pods-CameraFilter-frameworks-${CONFIGURATION}-output-files.xcfilelist",
			);
			runOnlyForDeploymentPostprocessing = 0;
			shellPath = /bin/sh;
			shellScript = "\"${PODS_ROOT}/Target Support Files/Pods-CameraFilter/Pods-CameraFilter-frameworks.sh\"\n";
			showEnvVarsInLog = 0;
		};
		762180721B5C8EE67C8BBFCF /* [CP] Check Pods Manifest.lock */ = {
			isa = PBXShellScriptBuildPhase;
			buildActionMask = 2147483647;
			files = (
			);
			inputFileListPaths = (
			);
			inputPaths = (
				"${PODS_PODFILE_DIR_PATH}/Podfile.lock",
				"${PODS_ROOT}/Manifest.lock",
			);
			name = "[CP] Check Pods Manifest.lock";
			outputFileListPaths = (
			);
			outputPaths = (
				"$(DERIVED_FILE_DIR)/Pods-CameraFilterTests-checkManifestLockResult.txt",
			);
			runOnlyForDeploymentPostprocessing = 0;
			shellPath = /bin/sh;
			shellScript = "diff \"${PODS_PODFILE_DIR_PATH}/Podfile.lock\" \"${PODS_ROOT}/Manifest.lock\" > /dev/null\nif [ $? != 0 ] ; then\n    # print error to STDERR\n    echo \"error: The sandbox is not in sync with the Podfile.lock. Run 'pod install' or update your CocoaPods installation.\" >&2\n    exit 1\nfi\n# This output is used by Xcode 'outputs' to avoid re-running this script phase.\necho \"SUCCESS\" > \"${SCRIPT_OUTPUT_FILE_0}\"\n";
			showEnvVarsInLog = 0;
		};
		90900537858AA773B0E8257F /* [CP] Check Pods Manifest.lock */ = {
			isa = PBXShellScriptBuildPhase;
			buildActionMask = 2147483647;
			files = (
			);
			inputFileListPaths = (
			);
			inputPaths = (
				"${PODS_PODFILE_DIR_PATH}/Podfile.lock",
				"${PODS_ROOT}/Manifest.lock",
			);
			name = "[CP] Check Pods Manifest.lock";
			outputFileListPaths = (
			);
			outputPaths = (
				"$(DERIVED_FILE_DIR)/Pods-CameraFilter-CameraFilterUITests-checkManifestLockResult.txt",
			);
			runOnlyForDeploymentPostprocessing = 0;
			shellPath = /bin/sh;
			shellScript = "diff \"${PODS_PODFILE_DIR_PATH}/Podfile.lock\" \"${PODS_ROOT}/Manifest.lock\" > /dev/null\nif [ $? != 0 ] ; then\n    # print error to STDERR\n    echo \"error: The sandbox is not in sync with the Podfile.lock. Run 'pod install' or update your CocoaPods installation.\" >&2\n    exit 1\nfi\n# This output is used by Xcode 'outputs' to avoid re-running this script phase.\necho \"SUCCESS\" > \"${SCRIPT_OUTPUT_FILE_0}\"\n";
			showEnvVarsInLog = 0;
		};
		BA83505902061316422AF7B5 /* [CP] Check Pods Manifest.lock */ = {
			isa = PBXShellScriptBuildPhase;
			buildActionMask = 2147483647;
			files = (
			);
			inputFileListPaths = (
			);
			inputPaths = (
				"${PODS_PODFILE_DIR_PATH}/Podfile.lock",
				"${PODS_ROOT}/Manifest.lock",
			);
			name = "[CP] Check Pods Manifest.lock";
			outputFileListPaths = (
			);
			outputPaths = (
				"$(DERIVED_FILE_DIR)/Pods-CameraFilter-checkManifestLockResult.txt",
			);
			runOnlyForDeploymentPostprocessing = 0;
			shellPath = /bin/sh;
			shellScript = "diff \"${PODS_PODFILE_DIR_PATH}/Podfile.lock\" \"${PODS_ROOT}/Manifest.lock\" > /dev/null\nif [ $? != 0 ] ; then\n    # print error to STDERR\n    echo \"error: The sandbox is not in sync with the Podfile.lock. Run 'pod install' or update your CocoaPods installation.\" >&2\n    exit 1\nfi\n# This output is used by Xcode 'outputs' to avoid re-running this script phase.\necho \"SUCCESS\" > \"${SCRIPT_OUTPUT_FILE_0}\"\n";
			showEnvVarsInLog = 0;
		};
		E8221BDB64ACE28E570B3DBD /* [CP] Embed Pods Frameworks */ = {
			isa = PBXShellScriptBuildPhase;
			buildActionMask = 2147483647;
			files = (
			);
			inputFileListPaths = (
				"${PODS_ROOT}/Target Support Files/Pods-CameraFilter-CameraFilterUITests/Pods-CameraFilter-CameraFilterUITests-frameworks-${CONFIGURATION}-input-files.xcfilelist",
			);
			name = "[CP] Embed Pods Frameworks";
			outputFileListPaths = (
				"${PODS_ROOT}/Target Support Files/Pods-CameraFilter-CameraFilterUITests/Pods-CameraFilter-CameraFilterUITests-frameworks-${CONFIGURATION}-output-files.xcfilelist",
			);
			runOnlyForDeploymentPostprocessing = 0;
			shellPath = /bin/sh;
			shellScript = "\"${PODS_ROOT}/Target Support Files/Pods-CameraFilter-CameraFilterUITests/Pods-CameraFilter-CameraFilterUITests-frameworks.sh\"\n";
			showEnvVarsInLog = 0;
		};
/* End PBXShellScriptBuildPhase section */

/* Begin PBXSourcesBuildPhase section */
		B05CE04329791F5A0070402A /* Sources */ = {
			isa = PBXSourcesBuildPhase;
			buildActionMask = 2147483647;
			files = (
				B05CE04F29791F5A0070402A /* ViewController.swift in Sources */,
				B05CE07D297931F80070402A /* PhotoCollectionViewCell.swift in Sources */,
				B05CE04B29791F5A0070402A /* AppDelegate.swift in Sources */,
				B06603ED297A66EA00FA20E3 /* FilterService.swift in Sources */,
				B05CE04D29791F5A0070402A /* SceneDelegate.swift in Sources */,
				B05CE07B297921F20070402A /* PhotoCollectionViewController.swift in Sources */,
			);
			runOnlyForDeploymentPostprocessing = 0;
		};
		B05CE05929791F5E0070402A /* Sources */ = {
			isa = PBXSourcesBuildPhase;
			buildActionMask = 2147483647;
			files = (
				B05CE06229791F5E0070402A /* CameraFilterTests.swift in Sources */,
			);
			runOnlyForDeploymentPostprocessing = 0;
		};
		B05CE06329791F5E0070402A /* Sources */ = {
			isa = PBXSourcesBuildPhase;
			buildActionMask = 2147483647;
			files = (
				B05CE06C29791F5E0070402A /* CameraFilterUITests.swift in Sources */,
				B05CE06E29791F5E0070402A /* CameraFilterUITestsLaunchTests.swift in Sources */,
			);
			runOnlyForDeploymentPostprocessing = 0;
		};
/* End PBXSourcesBuildPhase section */

/* Begin PBXTargetDependency section */
		B05CE05F29791F5E0070402A /* PBXTargetDependency */ = {
			isa = PBXTargetDependency;
			target = B05CE04629791F5A0070402A /* CameraFilter */;
			targetProxy = B05CE05E29791F5E0070402A /* PBXContainerItemProxy */;
		};
		B05CE06929791F5E0070402A /* PBXTargetDependency */ = {
			isa = PBXTargetDependency;
			target = B05CE04629791F5A0070402A /* CameraFilter */;
			targetProxy = B05CE06829791F5E0070402A /* PBXContainerItemProxy */;
		};
/* End PBXTargetDependency section */

/* Begin PBXVariantGroup section */
		B05CE05029791F5A0070402A /* Main.storyboard */ = {
			isa = PBXVariantGroup;
			children = (
				B05CE05129791F5A0070402A /* Base */,
			);
			name = Main.storyboard;
			sourceTree = "<group>";
		};
		B05CE05529791F5E0070402A /* LaunchScreen.storyboard */ = {
			isa = PBXVariantGroup;
			children = (
				B05CE05629791F5E0070402A /* Base */,
			);
			name = LaunchScreen.storyboard;
			sourceTree = "<group>";
		};
/* End PBXVariantGroup section */

/* Begin XCBuildConfiguration section */
		B05CE06F29791F5E0070402A /* Debug */ = {
			isa = XCBuildConfiguration;
			buildSettings = {
				ALWAYS_SEARCH_USER_PATHS = NO;
				CLANG_ANALYZER_NONNULL = YES;
				CLANG_ANALYZER_NUMBER_OBJECT_CONVERSION = YES_AGGRESSIVE;
				CLANG_CXX_LANGUAGE_STANDARD = "gnu++20";
				CLANG_ENABLE_MODULES = YES;
				CLANG_ENABLE_OBJC_ARC = YES;
				CLANG_ENABLE_OBJC_WEAK = YES;
				CLANG_WARN_BLOCK_CAPTURE_AUTORELEASING = YES;
				CLANG_WARN_BOOL_CONVERSION = YES;
				CLANG_WARN_COMMA = YES;
				CLANG_WARN_CONSTANT_CONVERSION = YES;
				CLANG_WARN_DEPRECATED_OBJC_IMPLEMENTATIONS = YES;
				CLANG_WARN_DIRECT_OBJC_ISA_USAGE = YES_ERROR;
				CLANG_WARN_DOCUMENTATION_COMMENTS = YES;
				CLANG_WARN_EMPTY_BODY = YES;
				CLANG_WARN_ENUM_CONVERSION = YES;
				CLANG_WARN_INFINITE_RECURSION = YES;
				CLANG_WARN_INT_CONVERSION = YES;
				CLANG_WARN_NON_LITERAL_NULL_CONVERSION = YES;
				CLANG_WARN_OBJC_IMPLICIT_RETAIN_SELF = YES;
				CLANG_WARN_OBJC_LITERAL_CONVERSION = YES;
				CLANG_WARN_OBJC_ROOT_CLASS = YES_ERROR;
				CLANG_WARN_QUOTED_INCLUDE_IN_FRAMEWORK_HEADER = YES;
				CLANG_WARN_RANGE_LOOP_ANALYSIS = YES;
				CLANG_WARN_STRICT_PROTOTYPES = YES;
				CLANG_WARN_SUSPICIOUS_MOVE = YES;
				CLANG_WARN_UNGUARDED_AVAILABILITY = YES_AGGRESSIVE;
				CLANG_WARN_UNREACHABLE_CODE = YES;
				CLANG_WARN__DUPLICATE_METHOD_MATCH = YES;
				COPY_PHASE_STRIP = NO;
				DEBUG_INFORMATION_FORMAT = dwarf;
				ENABLE_STRICT_OBJC_MSGSEND = YES;
				ENABLE_TESTABILITY = YES;
				GCC_C_LANGUAGE_STANDARD = gnu11;
				GCC_DYNAMIC_NO_PIC = NO;
				GCC_NO_COMMON_BLOCKS = YES;
				GCC_OPTIMIZATION_LEVEL = 0;
				GCC_PREPROCESSOR_DEFINITIONS = (
					"DEBUG=1",
					"$(inherited)",
				);
				GCC_WARN_64_TO_32_BIT_CONVERSION = YES;
				GCC_WARN_ABOUT_RETURN_TYPE = YES_ERROR;
				GCC_WARN_UNDECLARED_SELECTOR = YES;
				GCC_WARN_UNINITIALIZED_AUTOS = YES_AGGRESSIVE;
				GCC_WARN_UNUSED_FUNCTION = YES;
				GCC_WARN_UNUSED_VARIABLE = YES;
				IPHONEOS_DEPLOYMENT_TARGET = 16.2;
				MTL_ENABLE_DEBUG_INFO = INCLUDE_SOURCE;
				MTL_FAST_MATH = YES;
				ONLY_ACTIVE_ARCH = YES;
				SDKROOT = iphoneos;
				SWIFT_ACTIVE_COMPILATION_CONDITIONS = DEBUG;
				SWIFT_OPTIMIZATION_LEVEL = "-Onone";
			};
			name = Debug;
		};
		B05CE07029791F5E0070402A /* Release */ = {
			isa = XCBuildConfiguration;
			buildSettings = {
				ALWAYS_SEARCH_USER_PATHS = NO;
				CLANG_ANALYZER_NONNULL = YES;
				CLANG_ANALYZER_NUMBER_OBJECT_CONVERSION = YES_AGGRESSIVE;
				CLANG_CXX_LANGUAGE_STANDARD = "gnu++20";
				CLANG_ENABLE_MODULES = YES;
				CLANG_ENABLE_OBJC_ARC = YES;
				CLANG_ENABLE_OBJC_WEAK = YES;
				CLANG_WARN_BLOCK_CAPTURE_AUTORELEASING = YES;
				CLANG_WARN_BOOL_CONVERSION = YES;
				CLANG_WARN_COMMA = YES;
				CLANG_WARN_CONSTANT_CONVERSION = YES;
				CLANG_WARN_DEPRECATED_OBJC_IMPLEMENTATIONS = YES;
				CLANG_WARN_DIRECT_OBJC_ISA_USAGE = YES_ERROR;
				CLANG_WARN_DOCUMENTATION_COMMENTS = YES;
				CLANG_WARN_EMPTY_BODY = YES;
				CLANG_WARN_ENUM_CONVERSION = YES;
				CLANG_WARN_INFINITE_RECURSION = YES;
				CLANG_WARN_INT_CONVERSION = YES;
				CLANG_WARN_NON_LITERAL_NULL_CONVERSION = YES;
				CLANG_WARN_OBJC_IMPLICIT_RETAIN_SELF = YES;
				CLANG_WARN_OBJC_LITERAL_CONVERSION = YES;
				CLANG_WARN_OBJC_ROOT_CLASS = YES_ERROR;
				CLANG_WARN_QUOTED_INCLUDE_IN_FRAMEWORK_HEADER = YES;
				CLANG_WARN_RANGE_LOOP_ANALYSIS = YES;
				CLANG_WARN_STRICT_PROTOTYPES = YES;
				CLANG_WARN_SUSPICIOUS_MOVE = YES;
				CLANG_WARN_UNGUARDED_AVAILABILITY = YES_AGGRESSIVE;
				CLANG_WARN_UNREACHABLE_CODE = YES;
				CLANG_WARN__DUPLICATE_METHOD_MATCH = YES;
				COPY_PHASE_STRIP = NO;
				DEBUG_INFORMATION_FORMAT = "dwarf-with-dsym";
				ENABLE_NS_ASSERTIONS = NO;
				ENABLE_STRICT_OBJC_MSGSEND = YES;
				GCC_C_LANGUAGE_STANDARD = gnu11;
				GCC_NO_COMMON_BLOCKS = YES;
				GCC_WARN_64_TO_32_BIT_CONVERSION = YES;
				GCC_WARN_ABOUT_RETURN_TYPE = YES_ERROR;
				GCC_WARN_UNDECLARED_SELECTOR = YES;
				GCC_WARN_UNINITIALIZED_AUTOS = YES_AGGRESSIVE;
				GCC_WARN_UNUSED_FUNCTION = YES;
				GCC_WARN_UNUSED_VARIABLE = YES;
				IPHONEOS_DEPLOYMENT_TARGET = 16.2;
				MTL_ENABLE_DEBUG_INFO = NO;
				MTL_FAST_MATH = YES;
				SDKROOT = iphoneos;
				SWIFT_COMPILATION_MODE = wholemodule;
				SWIFT_OPTIMIZATION_LEVEL = "-O";
				VALIDATE_PRODUCT = YES;
			};
			name = Release;
		};
		B05CE07229791F5E0070402A /* Debug */ = {
			isa = XCBuildConfiguration;
			baseConfigurationReference = 3A820E9895D4750BC6E6F4B9 /* Pods-CameraFilter.debug.xcconfig */;
			buildSettings = {
				ASSETCATALOG_COMPILER_APPICON_NAME = AppIcon;
				ASSETCATALOG_COMPILER_GLOBAL_ACCENT_COLOR_NAME = AccentColor;
				CODE_SIGN_STYLE = Automatic;
				CURRENT_PROJECT_VERSION = 1;
				DEVELOPMENT_TEAM = J2J2A4T2U9;
				GENERATE_INFOPLIST_FILE = YES;
				INFOPLIST_FILE = CameraFilter/Info.plist;
				INFOPLIST_KEY_UIApplicationSupportsIndirectInputEvents = YES;
				INFOPLIST_KEY_UILaunchStoryboardName = LaunchScreen;
				INFOPLIST_KEY_UIMainStoryboardFile = Main;
				INFOPLIST_KEY_UISupportedInterfaceOrientations_iPad = "UIInterfaceOrientationPortrait UIInterfaceOrientationPortraitUpsideDown UIInterfaceOrientationLandscapeLeft UIInterfaceOrientationLandscapeRight";
				INFOPLIST_KEY_UISupportedInterfaceOrientations_iPhone = "UIInterfaceOrientationPortrait UIInterfaceOrientationLandscapeLeft UIInterfaceOrientationLandscapeRight";
				LD_RUNPATH_SEARCH_PATHS = (
					"$(inherited)",
					"@executable_path/Frameworks",
				);
				MARKETING_VERSION = 1.0;
				PRODUCT_BUNDLE_IDENTIFIER = "Dev-Ozzy.CameraFilter";
				PRODUCT_NAME = "$(TARGET_NAME)";
				SWIFT_EMIT_LOC_STRINGS = YES;
				SWIFT_VERSION = 5.0;
				TARGETED_DEVICE_FAMILY = "1,2";
			};
			name = Debug;
		};
		B05CE07329791F5E0070402A /* Release */ = {
			isa = XCBuildConfiguration;
			baseConfigurationReference = C91F7B79BBD527DD3FF88DF3 /* Pods-CameraFilter.release.xcconfig */;
			buildSettings = {
				ASSETCATALOG_COMPILER_APPICON_NAME = AppIcon;
				ASSETCATALOG_COMPILER_GLOBAL_ACCENT_COLOR_NAME = AccentColor;
				CODE_SIGN_STYLE = Automatic;
				CURRENT_PROJECT_VERSION = 1;
				DEVELOPMENT_TEAM = J2J2A4T2U9;
				GENERATE_INFOPLIST_FILE = YES;
				INFOPLIST_FILE = CameraFilter/Info.plist;
				INFOPLIST_KEY_UIApplicationSupportsIndirectInputEvents = YES;
				INFOPLIST_KEY_UILaunchStoryboardName = LaunchScreen;
				INFOPLIST_KEY_UIMainStoryboardFile = Main;
				INFOPLIST_KEY_UISupportedInterfaceOrientations_iPad = "UIInterfaceOrientationPortrait UIInterfaceOrientationPortraitUpsideDown UIInterfaceOrientationLandscapeLeft UIInterfaceOrientationLandscapeRight";
				INFOPLIST_KEY_UISupportedInterfaceOrientations_iPhone = "UIInterfaceOrientationPortrait UIInterfaceOrientationLandscapeLeft UIInterfaceOrientationLandscapeRight";
				LD_RUNPATH_SEARCH_PATHS = (
					"$(inherited)",
					"@executable_path/Frameworks",
				);
				MARKETING_VERSION = 1.0;
				PRODUCT_BUNDLE_IDENTIFIER = "Dev-Ozzy.CameraFilter";
				PRODUCT_NAME = "$(TARGET_NAME)";
				SWIFT_EMIT_LOC_STRINGS = YES;
				SWIFT_VERSION = 5.0;
				TARGETED_DEVICE_FAMILY = "1,2";
			};
			name = Release;
		};
		B05CE07529791F5E0070402A /* Debug */ = {
			isa = XCBuildConfiguration;
			baseConfigurationReference = 155210497C1DB74AE0056D34 /* Pods-CameraFilterTests.debug.xcconfig */;
			buildSettings = {
				ALWAYS_EMBED_SWIFT_STANDARD_LIBRARIES = YES;
				BUNDLE_LOADER = "$(TEST_HOST)";
				CODE_SIGN_STYLE = Automatic;
				CURRENT_PROJECT_VERSION = 1;
				DEVELOPMENT_TEAM = J2J2A4T2U9;
				GENERATE_INFOPLIST_FILE = YES;
				IPHONEOS_DEPLOYMENT_TARGET = 16.2;
				MARKETING_VERSION = 1.0;
				PRODUCT_BUNDLE_IDENTIFIER = "Dev-Ozzy.CameraFilterTests";
				PRODUCT_NAME = "$(TARGET_NAME)";
				SWIFT_EMIT_LOC_STRINGS = NO;
				SWIFT_VERSION = 5.0;
				TARGETED_DEVICE_FAMILY = "1,2";
				TEST_HOST = "$(BUILT_PRODUCTS_DIR)/CameraFilter.app/$(BUNDLE_EXECUTABLE_FOLDER_PATH)/CameraFilter";
			};
			name = Debug;
		};
		B05CE07629791F5E0070402A /* Release */ = {
			isa = XCBuildConfiguration;
			baseConfigurationReference = 591F15A1706E2290936895BA /* Pods-CameraFilterTests.release.xcconfig */;
			buildSettings = {
				ALWAYS_EMBED_SWIFT_STANDARD_LIBRARIES = YES;
				BUNDLE_LOADER = "$(TEST_HOST)";
				CODE_SIGN_STYLE = Automatic;
				CURRENT_PROJECT_VERSION = 1;
				DEVELOPMENT_TEAM = J2J2A4T2U9;
				GENERATE_INFOPLIST_FILE = YES;
				IPHONEOS_DEPLOYMENT_TARGET = 16.2;
				MARKETING_VERSION = 1.0;
				PRODUCT_BUNDLE_IDENTIFIER = "Dev-Ozzy.CameraFilterTests";
				PRODUCT_NAME = "$(TARGET_NAME)";
				SWIFT_EMIT_LOC_STRINGS = NO;
				SWIFT_VERSION = 5.0;
				TARGETED_DEVICE_FAMILY = "1,2";
				TEST_HOST = "$(BUILT_PRODUCTS_DIR)/CameraFilter.app/$(BUNDLE_EXECUTABLE_FOLDER_PATH)/CameraFilter";
			};
			name = Release;
		};
		B05CE07829791F5E0070402A /* Debug */ = {
			isa = XCBuildConfiguration;
			baseConfigurationReference = 4533480BD635907F0C3EA6CB /* Pods-CameraFilter-CameraFilterUITests.debug.xcconfig */;
			buildSettings = {
				ALWAYS_EMBED_SWIFT_STANDARD_LIBRARIES = YES;
				CODE_SIGN_STYLE = Automatic;
				CURRENT_PROJECT_VERSION = 1;
				DEVELOPMENT_TEAM = J2J2A4T2U9;
				GENERATE_INFOPLIST_FILE = YES;
				MARKETING_VERSION = 1.0;
				PRODUCT_BUNDLE_IDENTIFIER = "Dev-Ozzy.CameraFilterUITests";
				PRODUCT_NAME = "$(TARGET_NAME)";
				SWIFT_EMIT_LOC_STRINGS = NO;
				SWIFT_VERSION = 5.0;
				TARGETED_DEVICE_FAMILY = "1,2";
				TEST_TARGET_NAME = CameraFilter;
			};
			name = Debug;
		};
		B05CE07929791F5E0070402A /* Release */ = {
			isa = XCBuildConfiguration;
			baseConfigurationReference = 543C5D1C186DD42EBB28E4CA /* Pods-CameraFilter-CameraFilterUITests.release.xcconfig */;
			buildSettings = {
				ALWAYS_EMBED_SWIFT_STANDARD_LIBRARIES = YES;
				CODE_SIGN_STYLE = Automatic;
				CURRENT_PROJECT_VERSION = 1;
				DEVELOPMENT_TEAM = J2J2A4T2U9;
				GENERATE_INFOPLIST_FILE = YES;
				MARKETING_VERSION = 1.0;
				PRODUCT_BUNDLE_IDENTIFIER = "Dev-Ozzy.CameraFilterUITests";
				PRODUCT_NAME = "$(TARGET_NAME)";
				SWIFT_EMIT_LOC_STRINGS = NO;
				SWIFT_VERSION = 5.0;
				TARGETED_DEVICE_FAMILY = "1,2";
				TEST_TARGET_NAME = CameraFilter;
			};
			name = Release;
		};
/* End XCBuildConfiguration section */

/* Begin XCConfigurationList section */
		B05CE04229791F5A0070402A /* Build configuration list for PBXProject "CameraFilter" */ = {
			isa = XCConfigurationList;
			buildConfigurations = (
				B05CE06F29791F5E0070402A /* Debug */,
				B05CE07029791F5E0070402A /* Release */,
			);
			defaultConfigurationIsVisible = 0;
			defaultConfigurationName = Release;
		};
		B05CE07129791F5E0070402A /* Build configuration list for PBXNativeTarget "CameraFilter" */ = {
			isa = XCConfigurationList;
			buildConfigurations = (
				B05CE07229791F5E0070402A /* Debug */,
				B05CE07329791F5E0070402A /* Release */,
			);
			defaultConfigurationIsVisible = 0;
			defaultConfigurationName = Release;
		};
		B05CE07429791F5E0070402A /* Build configuration list for PBXNativeTarget "CameraFilterTests" */ = {
			isa = XCConfigurationList;
			buildConfigurations = (
				B05CE07529791F5E0070402A /* Debug */,
				B05CE07629791F5E0070402A /* Release */,
			);
			defaultConfigurationIsVisible = 0;
			defaultConfigurationName = Release;
		};
		B05CE07729791F5E0070402A /* Build configuration list for PBXNativeTarget "CameraFilterUITests" */ = {
			isa = XCConfigurationList;
			buildConfigurations = (
				B05CE07829791F5E0070402A /* Debug */,
				B05CE07929791F5E0070402A /* Release */,
			);
			defaultConfigurationIsVisible = 0;
			defaultConfigurationName = Release;
		};
/* End XCConfigurationList section */
	};
	rootObject = B05CE03F29791F5A0070402A /* Project object */;
}
